
Microsoft Visual Studio Solution File, Format Version 12.00
# Visual Studio Version 17
VisualStudioVersion = 17.14.36202.13 d17.14
MinimumVisualStudioVersion = 10.0.40219.1
// Коммент от Новиковой
Project("{FAE04EC0-301F-11D3-BF4B-00C04F79EFBC}") = "JobAgency.Domain", "JobAgency.Domain\JobAgency.Domain.csproj", "{40750950-AAB3-4D3C-A8C7-40CC86F46953}"
EndProject
Project("{2150E333-8FDC-42A3-9474-1A3956D46DE8}") = "src", "src", "{36D591C7-65C7-A0D1-1CBC-10CDE441BDC8}"
EndProject
Project("{2150E333-8FDC-42A3-9474-1A3956D46DE8}") = "test", "test", "{74B98CAC-2D33-4E1A-AB0C-D1982C65869A}"
EndProject
Project("{FAE04EC0-301F-11D3-BF4B-00C04F79EFBC}") = "JobAgency.Domain.Tests", "JobAgency.Domain.Tests\JobAgency.Domain.Tests.csproj", "{3BFD631C-DBC3-43B3-991A-CA7FC7584648}"
EndProject
Global
	GlobalSection(SolutionConfigurationPlatforms) = preSolution
		Debug|Any CPU = Debug|Any CPU
		Release|Any CPU = Release|Any CPU
	EndGlobalSection
	GlobalSection(ProjectConfigurationPlatforms) = postSolution
		{40750950-AAB3-4D3C-A8C7-40CC86F46953}.Debug|Any CPU.ActiveCfg = Debug|Any CPU
		{40750950-AAB3-4D3C-A8C7-40CC86F46953}.Debug|Any CPU.Build.0 = Debug|Any CPU
		{40750950-AAB3-4D3C-A8C7-40CC86F46953}.Release|Any CPU.ActiveCfg = Release|Any CPU
		{40750950-AAB3-4D3C-A8C7-40CC86F46953}.Release|Any CPU.Build.0 = Release|Any CPU
		{3BFD631C-DBC3-43B3-991A-CA7FC7584648}.Debug|Any CPU.ActiveCfg = Debug|Any CPU
		{3BFD631C-DBC3-43B3-991A-CA7FC7584648}.Debug|Any CPU.Build.0 = Debug|Any CPU
		{3BFD631C-DBC3-43B3-991A-CA7FC7584648}.Release|Any CPU.ActiveCfg = Release|Any CPU
		{3BFD631C-DBC3-43B3-991A-CA7FC7584648}.Release|Any CPU.Build.0 = Release|Any CPU
	EndGlobalSection
	GlobalSection(SolutionProperties) = preSolution
		HideSolutionNode = FALSE
	EndGlobalSection
	GlobalSection(NestedProjects) = preSolution
		{40750950-AAB3-4D3C-A8C7-40CC86F46953} = {36D591C7-65C7-A0D1-1CBC-10CDE441BDC8}
		{3BFD631C-DBC3-43B3-991A-CA7FC7584648} = {74B98CAC-2D33-4E1A-AB0C-D1982C65869A}
	EndGlobalSection
	GlobalSection(ExtensibilityGlobals) = postSolution
		SolutionGuid = {18471D05-F713-46B4-95AF-A92F80781B9C}
	EndGlobalSection
EndGlobal
